
Microsoft Visual Studio Solution File, Format Version 12.00
# Visual Studio Version 17
VisualStudioVersion = 17.0.32112.339
MinimumVisualStudioVersion = 10.0.40219.1
Project("{9A19103F-16F7-4668-BE54-9A1E7A4F7556}") = "Cronos.Api", "Cronos.Api\Cronos.Api.csproj", "{73B8F163-10A6-4DCB-A53C-49183EA1545C}"
EndProject
Project("{9A19103F-16F7-4668-BE54-9A1E7A4F7556}") = "Cronos.Console", "Cronos.Console\Cronos.Console.csproj", "{65D6B2DC-6F9E-4AD2-B0BA-DB698035A52B}"
EndProject
Project("{FAE04EC0-301F-11D3-BF4B-00C04F79EFBC}") = "Cronos.UnitTests", "Cronos.UnitTests\Cronos.UnitTests.csproj", "{834A8FBE-C7E7-4ED2-9D73-F8F3726E7023}"
EndProject
Global
	GlobalSection(SolutionConfigurationPlatforms) = preSolution
		Debug|Any CPU = Debug|Any CPU
		Release|Any CPU = Release|Any CPU
	EndGlobalSection
	GlobalSection(ProjectConfigurationPlatforms) = postSolution
		{73B8F163-10A6-4DCB-A53C-49183EA1545C}.Debug|Any CPU.ActiveCfg = Debug|Any CPU
		{73B8F163-10A6-4DCB-A53C-49183EA1545C}.Debug|Any CPU.Build.0 = Debug|Any CPU
		{73B8F163-10A6-4DCB-A53C-49183EA1545C}.Release|Any CPU.ActiveCfg = Release|Any CPU
		{73B8F163-10A6-4DCB-A53C-49183EA1545C}.Release|Any CPU.Build.0 = Release|Any CPU
		{65D6B2DC-6F9E-4AD2-B0BA-DB698035A52B}.Debug|Any CPU.ActiveCfg = Debug|Any CPU
		{65D6B2DC-6F9E-4AD2-B0BA-DB698035A52B}.Debug|Any CPU.Build.0 = Debug|Any CPU
		{65D6B2DC-6F9E-4AD2-B0BA-DB698035A52B}.Release|Any CPU.ActiveCfg = Release|Any CPU
		{65D6B2DC-6F9E-4AD2-B0BA-DB698035A52B}.Release|Any CPU.Build.0 = Release|Any CPU
		{834A8FBE-C7E7-4ED2-9D73-F8F3726E7023}.Debug|Any CPU.ActiveCfg = Debug|Any CPU
		{834A8FBE-C7E7-4ED2-9D73-F8F3726E7023}.Debug|Any CPU.Build.0 = Debug|Any CPU
		{834A8FBE-C7E7-4ED2-9D73-F8F3726E7023}.Release|Any CPU.ActiveCfg = Release|Any CPU
		{834A8FBE-C7E7-4ED2-9D73-F8F3726E7023}.Release|Any CPU.Build.0 = Release|Any CPU
	EndGlobalSection
	GlobalSection(SolutionProperties) = preSolution
		HideSolutionNode = FALSE
	EndGlobalSection
	GlobalSection(ExtensibilityGlobals) = postSolution
		SolutionGuid = {080709B2-9C78-4764-A0C6-4954839A728C}
	EndGlobalSection
EndGlobal
